
Microsoft Visual Studio Solution File, Format Version 12.00
# Visual Studio Version 17
VisualStudioVersion = 17.14.36603.0 d17.14
MinimumVisualStudioVersion = 10.0.40219.1
Project("{FAE04EC0-301F-11D3-BF4B-00C04F79EFBC}") = "Constructor", "Constructor.csproj", "{B65A5130-5706-48C2-BBD3-64757C5E4B5D}"
EndProject
Global
	GlobalSection(SolutionConfigurationPlatforms) = preSolution
		Debug|Any CPU = Debug|Any CPU
		Release|Any CPU = Release|Any CPU
	EndGlobalSection
	GlobalSection(ProjectConfigurationPlatforms) = postSolution
		{B65A5130-5706-48C2-BBD3-64757C5E4B5D}.Debug|Any CPU.ActiveCfg = Debug|Any CPU
		{B65A5130-5706-48C2-BBD3-64757C5E4B5D}.Debug|Any CPU.Build.0 = Debug|Any CPU
		{B65A5130-5706-48C2-BBD3-64757C5E4B5D}.Release|Any CPU.ActiveCfg = Release|Any CPU
		{B65A5130-5706-48C2-BBD3-64757C5E4B5D}.Release|Any CPU.Build.0 = Release|Any CPU
	EndGlobalSection
	GlobalSection(SolutionProperties) = preSolution
		HideSolutionNode = FALSE
	EndGlobalSection
	GlobalSection(ExtensibilityGlobals) = postSolution
		SolutionGuid = {3FF0849D-52EF-4C3E-B93E-73E11240A548}
	EndGlobalSection
EndGlobal
