
Microsoft Visual Studio Solution File, Format Version 12.00
# Visual Studio Version 17
VisualStudioVersion = 17.14.36603.0 d17.14
MinimumVisualStudioVersion = 10.0.40219.1
Project("{FAE04EC0-301F-11D3-BF4B-00C04F79EFBC}") = "Package Express Shipping Quote Assignment", "Package Express Shipping Quote Assignment.csproj", "{E14E9381-4B5A-42C5-BDE4-4CF69EA587EC}"
EndProject
Global
	GlobalSection(SolutionConfigurationPlatforms) = preSolution
		Debug|Any CPU = Debug|Any CPU
		Release|Any CPU = Release|Any CPU
	EndGlobalSection
	GlobalSection(ProjectConfigurationPlatforms) = postSolution
		{E14E9381-4B5A-42C5-BDE4-4CF69EA587EC}.Debug|Any CPU.ActiveCfg = Debug|Any CPU
		{E14E9381-4B5A-42C5-BDE4-4CF69EA587EC}.Debug|Any CPU.Build.0 = Debug|Any CPU
		{E14E9381-4B5A-42C5-BDE4-4CF69EA587EC}.Release|Any CPU.ActiveCfg = Release|Any CPU
		{E14E9381-4B5A-42C5-BDE4-4CF69EA587EC}.Release|Any CPU.Build.0 = Release|Any CPU
	EndGlobalSection
	GlobalSection(SolutionProperties) = preSolution
		HideSolutionNode = FALSE
	EndGlobalSection
	GlobalSection(ExtensibilityGlobals) = postSolution
		SolutionGuid = {4934F648-9E5A-416A-B56C-035CD5E75F28}
	EndGlobalSection
EndGlobal
